
Microsoft Visual Studio Solution File, Format Version 12.00
# Visual Studio Version 17
VisualStudioVersion = 17.0.32126.317
MinimumVisualStudioVersion = 10.0.40219.1
Project("{9A19103F-16F7-4668-BE54-9A1E7A4F7556}") = "ShoppingCartEF4", "ShoppingCartEF4\ShoppingCartEF4.csproj", "{82B2E79F-6762-4FAF-BD06-B6E260A45993}"
EndProject
Project("{9A19103F-16F7-4668-BE54-9A1E7A4F7556}") = "ShoppingCartMigrations4", "ShoppingCartMigrations4\ShoppingCartMigrations4.csproj", "{F78E7CFA-5216-4BFB-8B24-47B7B9BC9C92}"
EndProject
Project("{FAE04EC0-301F-11D3-BF4B-00C04F79EFBC}") = "TestProject1", "TestProject1\TestProject1.csproj", "{DC623AE3-EB7C-44D8-95E3-08B21E334BD6}"
EndProject
Global
	GlobalSection(SolutionConfigurationPlatforms) = preSolution
		Debug|Any CPU = Debug|Any CPU
		Release|Any CPU = Release|Any CPU
	EndGlobalSection
	GlobalSection(ProjectConfigurationPlatforms) = postSolution
		{82B2E79F-6762-4FAF-BD06-B6E260A45993}.Debug|Any CPU.ActiveCfg = Debug|Any CPU
		{82B2E79F-6762-4FAF-BD06-B6E260A45993}.Debug|Any CPU.Build.0 = Debug|Any CPU
		{82B2E79F-6762-4FAF-BD06-B6E260A45993}.Release|Any CPU.ActiveCfg = Release|Any CPU
		{82B2E79F-6762-4FAF-BD06-B6E260A45993}.Release|Any CPU.Build.0 = Release|Any CPU
		{F78E7CFA-5216-4BFB-8B24-47B7B9BC9C92}.Debug|Any CPU.ActiveCfg = Debug|Any CPU
		{F78E7CFA-5216-4BFB-8B24-47B7B9BC9C92}.Debug|Any CPU.Build.0 = Debug|Any CPU
		{F78E7CFA-5216-4BFB-8B24-47B7B9BC9C92}.Release|Any CPU.ActiveCfg = Release|Any CPU
		{F78E7CFA-5216-4BFB-8B24-47B7B9BC9C92}.Release|Any CPU.Build.0 = Release|Any CPU
		{DC623AE3-EB7C-44D8-95E3-08B21E334BD6}.Debug|Any CPU.ActiveCfg = Debug|Any CPU
		{DC623AE3-EB7C-44D8-95E3-08B21E334BD6}.Debug|Any CPU.Build.0 = Debug|Any CPU
		{DC623AE3-EB7C-44D8-95E3-08B21E334BD6}.Release|Any CPU.ActiveCfg = Release|Any CPU
		{DC623AE3-EB7C-44D8-95E3-08B21E334BD6}.Release|Any CPU.Build.0 = Release|Any CPU
	EndGlobalSection
	GlobalSection(SolutionProperties) = preSolution
		HideSolutionNode = FALSE
	EndGlobalSection
	GlobalSection(ExtensibilityGlobals) = postSolution
		SolutionGuid = {F18EF675-EA1A-406B-BA91-988952FCB93D}
	EndGlobalSection
EndGlobal
